
Microsoft Visual Studio Solution File, Format Version 12.00
Project("{FAE04EC0-301F-11D3-BF4B-00C04F79EFBC}") = "ll-lamb-backend", "ll-lamb-backend\ll-lamb-backend.csproj", "{63A56DAB-6954-4DC3-9CE1-E656BA90DED1}"
EndProject
Global
	GlobalSection(SolutionConfigurationPlatforms) = preSolution
		Debug|Any CPU = Debug|Any CPU
		Release|Any CPU = Release|Any CPU
	EndGlobalSection
	GlobalSection(ProjectConfigurationPlatforms) = postSolution
		{63A56DAB-6954-4DC3-9CE1-E656BA90DED1}.Debug|Any CPU.ActiveCfg = Debug|Any CPU
		{63A56DAB-6954-4DC3-9CE1-E656BA90DED1}.Debug|Any CPU.Build.0 = Debug|Any CPU
		{63A56DAB-6954-4DC3-9CE1-E656BA90DED1}.Release|Any CPU.ActiveCfg = Release|Any CPU
		{63A56DAB-6954-4DC3-9CE1-E656BA90DED1}.Release|Any CPU.Build.0 = Release|Any CPU
	EndGlobalSection
EndGlobal
